
Microsoft Visual Studio Solution File, Format Version 12.00
# Visual Studio Version 16
VisualStudioVersion = 16.0.32602.291
MinimumVisualStudioVersion = 10.0.40219.1
Project("{FAE04EC0-301F-11D3-BF4B-00C04F79EFBC}") = "work_sum", "work_sum.csproj", "{8C0B720A-F549-497A-AEBA-028B98AA159A}"
EndProject
Global
	GlobalSection(SolutionConfigurationPlatforms) = preSolution
		Debug|Any CPU = Debug|Any CPU
		Release|Any CPU = Release|Any CPU
	EndGlobalSection
	GlobalSection(ProjectConfigurationPlatforms) = postSolution
		{8C0B720A-F549-497A-AEBA-028B98AA159A}.Debug|Any CPU.ActiveCfg = Debug|Any CPU
		{8C0B720A-F549-497A-AEBA-028B98AA159A}.Debug|Any CPU.Build.0 = Debug|Any CPU
		{8C0B720A-F549-497A-AEBA-028B98AA159A}.Release|Any CPU.ActiveCfg = Release|Any CPU
		{8C0B720A-F549-497A-AEBA-028B98AA159A}.Release|Any CPU.Build.0 = Release|Any CPU
	EndGlobalSection
	GlobalSection(SolutionProperties) = preSolution
		HideSolutionNode = FALSE
	EndGlobalSection
	GlobalSection(ExtensibilityGlobals) = postSolution
		SolutionGuid = {12946E9C-7B75-4254-BA85-300AD289900E}
	EndGlobalSection
EndGlobal
